
Microsoft Visual Studio Solution File, Format Version 12.00
# Visual Studio Version 17
VisualStudioVersion = 17.14.36414.22 d17.14
MinimumVisualStudioVersion = 10.0.40219.1
Project("{FAE04EC0-301F-11D3-BF4B-00C04F79EFBC}") = "AllExercises", "AllExercises\AllExercises.csproj", "{5DE6EFD8-F130-4015-9BCE-0A602CA98453}"
EndProject
Global
	GlobalSection(SolutionConfigurationPlatforms) = preSolution
		Debug|Any CPU = Debug|Any CPU
		Release|Any CPU = Release|Any CPU
	EndGlobalSection
	GlobalSection(ProjectConfigurationPlatforms) = postSolution
		{5DE6EFD8-F130-4015-9BCE-0A602CA98453}.Debug|Any CPU.ActiveCfg = Debug|Any CPU
		{5DE6EFD8-F130-4015-9BCE-0A602CA98453}.Debug|Any CPU.Build.0 = Debug|Any CPU
		{5DE6EFD8-F130-4015-9BCE-0A602CA98453}.Release|Any CPU.ActiveCfg = Release|Any CPU
		{5DE6EFD8-F130-4015-9BCE-0A602CA98453}.Release|Any CPU.Build.0 = Release|Any CPU
	EndGlobalSection
	GlobalSection(SolutionProperties) = preSolution
		HideSolutionNode = FALSE
	EndGlobalSection
	GlobalSection(ExtensibilityGlobals) = postSolution
		SolutionGuid = {C94775F3-8C2D-4C67-9483-ED1601CEE102}
	EndGlobalSection
EndGlobal
